// !$*UTF8*$!
{
	archiveVersion = 1;
	classes = {
	};
	objectVersion = 63;
	objects = {

/* Begin PBXBuildFile section */
		243BFD606B35B41E4FC15DC5 /* InvoicePreviewView.swift in Sources */ = {isa = PBXBuildFile; fileRef = 8CE0878E0480359BCE1C3704 /* InvoicePreviewView.swift */; };
		5DFC8DDEC210D6F92D8E779D /* SwissInvoiceDemoApp.swift in Sources */ = {isa = PBXBuildFile; fileRef = 8D2875B5E590E5C778A4885E /* SwissInvoiceDemoApp.swift */; };
		95D32039ADEB7F9DF6565CA3 /* InvoiceFormView.swift in Sources */ = {isa = PBXBuildFile; fileRef = BC45222962DAD5D8C7FE39AD /* InvoiceFormView.swift */; };
		A190D84FCE2F3028CFE571AA /* SwissInvoice in Frameworks */ = {isa = PBXBuildFile; productRef = EB5C29D0E1BA87DC6BFEE092 /* SwissInvoice */; };
/* End PBXBuildFile section */

/* Begin PBXFileReference section */
		31AD3F26DD5C5E2339CF0E42 /* SwissInvoiceTest.app */ = {isa = PBXFileReference; explicitFileType = wrapper.application; includeInIndex = 0; path = SwissInvoiceTest.app; sourceTree = BUILT_PRODUCTS_DIR; };
		8CE0878E0480359BCE1C3704 /* InvoicePreviewView.swift */ = {isa = PBXFileReference; lastKnownFileType = sourcecode.swift; path = InvoicePreviewView.swift; sourceTree = "<group>"; };
		8D2875B5E590E5C778A4885E /* SwissInvoiceDemoApp.swift */ = {isa = PBXFileReference; lastKnownFileType = sourcecode.swift; path = SwissInvoiceDemoApp.swift; sourceTree = "<group>"; };
		BC45222962DAD5D8C7FE39AD /* InvoiceFormView.swift */ = {isa = PBXFileReference; lastKnownFileType = sourcecode.swift; path = InvoiceFormView.swift; sourceTree = "<group>"; };
		CACB5CF2028338759B676166 /* SwissInvoice */ = {isa = PBXFileReference; lastKnownFileType = folder; name = SwissInvoice; path = ../..; sourceTree = SOURCE_ROOT; };
/* End PBXFileReference section */

/* Begin PBXFrameworksBuildPhase section */
		6714FF9ECEE5178D45CEAB6B /* Frameworks */ = {
			isa = PBXFrameworksBuildPhase;
			buildActionMask = 2147483647;
			files = (
				A190D84FCE2F3028CFE571AA /* SwissInvoice in Frameworks */,
			);
			runOnlyForDeploymentPostprocessing = 0;
		};
/* End PBXFrameworksBuildPhase section */

/* Begin PBXGroup section */
		1B03F6B8AF4945B4BA344037 /* Products */ = {
			isa = PBXGroup;
			children = (
				31AD3F26DD5C5E2339CF0E42 /* SwissInvoiceTest.app */,
			);
			name = Products;
			sourceTree = "<group>";
		};
		87E46C5F169CA4F939581B0C /* SwissInvoiceTest */ = {
			isa = PBXGroup;
			children = (
				BC45222962DAD5D8C7FE39AD /* InvoiceFormView.swift */,
				8CE0878E0480359BCE1C3704 /* InvoicePreviewView.swift */,
				8D2875B5E590E5C778A4885E /* SwissInvoiceDemoApp.swift */,
			);
			name = SwissInvoiceTest;
			path = .;
			sourceTree = "<group>";
		};
		A507B3833F6905E1C92D6BB0 /* Packages */ = {
			isa = PBXGroup;
			children = (
				CACB5CF2028338759B676166 /* SwissInvoice */,
			);
			name = Packages;
			sourceTree = "<group>";
		};
		BC46AB3EE3802F6DAEE34DCE = {
			isa = PBXGroup;
			children = (
				A507B3833F6905E1C92D6BB0 /* Packages */,
				87E46C5F169CA4F939581B0C /* SwissInvoiceTest */,
				1B03F6B8AF4945B4BA344037 /* Products */,
			);
			sourceTree = "<group>";
		};
/* End PBXGroup section */

/* Begin PBXNativeTarget section */
		0EA217598AB8569A6E936C1A /* SwissInvoiceTest */ = {
			isa = PBXNativeTarget;
			buildConfigurationList = A9B5399BB750D841BF4A5D00 /* Build configuration list for PBXNativeTarget "SwissInvoiceTest" */;
			buildPhases = (
				FF1F0966E15C1645984F20D4 /* Sources */,
				6714FF9ECEE5178D45CEAB6B /* Frameworks */,
			);
			buildRules = (
			);
			dependencies = (
			);
			name = SwissInvoiceTest;
			packageProductDependencies = (
				EB5C29D0E1BA87DC6BFEE092 /* SwissInvoice */,
			);
			productName = SwissInvoiceTest;
			productReference = 31AD3F26DD5C5E2339CF0E42 /* SwissInvoiceTest.app */;
			productType = "com.apple.product-type.application";
		};
/* End PBXNativeTarget section */

/* Begin PBXProject section */
		D62565FF86EF96F3D5103A76 /* Project object */ = {
			isa = PBXProject;
			attributes = {
				BuildIndependentTargetsInParallel = YES;
				LastUpgradeCheck = 1430;
			};
			buildConfigurationList = C32A4EB4B9A85167ECC00B87 /* Build configuration list for PBXProject "SwissInvoiceTest" */;
			compatibilityVersion = "Xcode 14.0";
			developmentRegion = en;
			hasScannedForEncodings = 0;
			knownRegions = (
				Base,
				en,
			);
			mainGroup = BC46AB3EE3802F6DAEE34DCE;
			minimizedProjectReferenceProxies = 1;
			packageReferences = (
				794A511BB8B3742C7A0379A7 /* XCLocalSwiftPackageReference "../.." */,
			);
			projectDirPath = "";
			projectRoot = "";
			targets = (
				0EA217598AB8569A6E936C1A /* SwissInvoiceTest */,
			);
		};
/* End PBXProject section */

/* Begin PBXSourcesBuildPhase section */
		FF1F0966E15C1645984F20D4 /* Sources */ = {
			isa = PBXSourcesBuildPhase;
			buildActionMask = 2147483647;
			files = (
				95D32039ADEB7F9DF6565CA3 /* InvoiceFormView.swift in Sources */,
				243BFD606B35B41E4FC15DC5 /* InvoicePreviewView.swift in Sources */,
				5DFC8DDEC210D6F92D8E779D /* SwissInvoiceDemoApp.swift in Sources */,
			);
			runOnlyForDeploymentPostprocessing = 0;
		};
/* End PBXSourcesBuildPhase section */

/* Begin XCBuildConfiguration section */
		13C6A5946D83A47ADB477F48 /* Release */ = {
			isa = XCBuildConfiguration;
			buildSettings = {
				ASSETCATALOG_COMPILER_APPICON_NAME = AppIcon;
				CODE_SIGN_IDENTITY = "iPhone Developer";
				CURRENT_PROJECT_VERSION = 1;
				DEVELOPMENT_TEAM = D7X6ZT8YZW;
				GENERATE_INFOPLIST_FILE = YES;
				LD_RUNPATH_SEARCH_PATHS = (
					"$(inherited)",
					"@executable_path/Frameworks",
				);
				MARKETING_VERSION = 1.0;
				PRODUCT_BUNDLE_IDENTIFIER = ch.thomassussli.SwissInvoiceTest;
				SDKROOT = iphoneos;
				TARGETED_DEVICE_FAMILY = "1,2";
			};
			name = Release;
		};
		6346E41C0A65F50DFEF7B128 /* Debug */ = {
			isa = XCBuildConfiguration;
			buildSettings = {
				ALWAYS_SEARCH_USER_PATHS = NO;
				CLANG_ANALYZER_NONNULL = YES;
				CLANG_ANALYZER_NUMBER_OBJECT_CONVERSION = YES_AGGRESSIVE;
				CLANG_CXX_LANGUAGE_STANDARD = "gnu++14";
				CLANG_CXX_LIBRARY = "libc++";
				CLANG_ENABLE_MODULES = YES;
				CLANG_ENABLE_OBJC_ARC = YES;
				CLANG_ENABLE_OBJC_WEAK = YES;
				CLANG_WARN_BLOCK_CAPTURE_AUTORELEASING = YES;
				CLANG_WARN_BOOL_CONVERSION = YES;
				CLANG_WARN_COMMA = YES;
				CLANG_WARN_CONSTANT_CONVERSION = YES;
				CLANG_WARN_DEPRECATED_OBJC_IMPLEMENTATIONS = YES;
				CLANG_WARN_DIRECT_OBJC_ISA_USAGE = YES_ERROR;
				CLANG_WARN_DOCUMENTATION_COMMENTS = YES;
				CLANG_WARN_EMPTY_BODY = YES;
				CLANG_WARN_ENUM_CONVERSION = YES;
				CLANG_WARN_INFINITE_RECURSION = YES;
				CLANG_WARN_INT_CONVERSION = YES;
				CLANG_WARN_NON_LITERAL_NULL_CONVERSION = YES;
				CLANG_WARN_OBJC_IMPLICIT_RETAIN_SELF = YES;
				CLANG_WARN_OBJC_LITERAL_CONVERSION = YES;
				CLANG_WARN_OBJC_ROOT_CLASS = YES_ERROR;
				CLANG_WARN_QUOTED_INCLUDE_IN_FRAMEWORK_HEADER = YES;
				CLANG_WARN_RANGE_LOOP_ANALYSIS = YES;
				CLANG_WARN_STRICT_PROTOTYPES = YES;
				CLANG_WARN_SUSPICIOUS_MOVE = YES;
				CLANG_WARN_UNGUARDED_AVAILABILITY = YES_AGGRESSIVE;
				CLANG_WARN_UNREACHABLE_CODE = YES;
				CLANG_WARN__DUPLICATE_METHOD_MATCH = YES;
				COPY_PHASE_STRIP = NO;
				DEBUG_INFORMATION_FORMAT = dwarf;
				ENABLE_STRICT_OBJC_MSGSEND = YES;
				ENABLE_TESTABILITY = YES;
				GCC_C_LANGUAGE_STANDARD = gnu11;
				GCC_DYNAMIC_NO_PIC = NO;
				GCC_NO_COMMON_BLOCKS = YES;
				GCC_OPTIMIZATION_LEVEL = 0;
				GCC_PREPROCESSOR_DEFINITIONS = (
					"$(inherited)",
					"DEBUG=1",
				);
				GCC_WARN_64_TO_32_BIT_CONVERSION = YES;
				GCC_WARN_ABOUT_RETURN_TYPE = YES_ERROR;
				GCC_WARN_UNDECLARED_SELECTOR = YES;
				GCC_WARN_UNINITIALIZED_AUTOS = YES_AGGRESSIVE;
				GCC_WARN_UNUSED_FUNCTION = YES;
				GCC_WARN_UNUSED_VARIABLE = YES;
				IPHONEOS_DEPLOYMENT_TARGET = 17.0;
				MTL_ENABLE_DEBUG_INFO = INCLUDE_SOURCE;
				MTL_FAST_MATH = YES;
				ONLY_ACTIVE_ARCH = YES;
				PRODUCT_NAME = "$(TARGET_NAME)";
				SDKROOT = iphoneos;
				SWIFT_ACTIVE_COMPILATION_CONDITIONS = DEBUG;
				SWIFT_OPTIMIZATION_LEVEL = "-Onone";
				SWIFT_VERSION = 5.0;
			};
			name = Debug;
		};
		7B7F8518626453B8A7D93518 /* Release */ = {
			isa = XCBuildConfiguration;
			buildSettings = {
				ALWAYS_SEARCH_USER_PATHS = NO;
				CLANG_ANALYZER_NONNULL = YES;
				CLANG_ANALYZER_NUMBER_OBJECT_CONVERSION = YES_AGGRESSIVE;
				CLANG_CXX_LANGUAGE_STANDARD = "gnu++14";
				CLANG_CXX_LIBRARY = "libc++";
				CLANG_ENABLE_MODULES = YES;
				CLANG_ENABLE_OBJC_ARC = YES;
				CLANG_ENABLE_OBJC_WEAK = YES;
				CLANG_WARN_BLOCK_CAPTURE_AUTORELEASING = YES;
				CLANG_WARN_BOOL_CONVERSION = YES;
				CLANG_WARN_COMMA = YES;
				CLANG_WARN_CONSTANT_CONVERSION = YES;
				CLANG_WARN_DEPRECATED_OBJC_IMPLEMENTATIONS = YES;
				CLANG_WARN_DIRECT_OBJC_ISA_USAGE = YES_ERROR;
				CLANG_WARN_DOCUMENTATION_COMMENTS = YES;
				CLANG_WARN_EMPTY_BODY = YES;
				CLANG_WARN_ENUM_CONVERSION = YES;
				CLANG_WARN_INFINITE_RECURSION = YES;
				CLANG_WARN_INT_CONVERSION = YES;
				CLANG_WARN_NON_LITERAL_NULL_CONVERSION = YES;
				CLANG_WARN_OBJC_IMPLICIT_RETAIN_SELF = YES;
				CLANG_WARN_OBJC_LITERAL_CONVERSION = YES;
				CLANG_WARN_OBJC_ROOT_CLASS = YES_ERROR;
				CLANG_WARN_QUOTED_INCLUDE_IN_FRAMEWORK_HEADER = YES;
				CLANG_WARN_RANGE_LOOP_ANALYSIS = YES;
				CLANG_WARN_STRICT_PROTOTYPES = YES;
				CLANG_WARN_SUSPICIOUS_MOVE = YES;
				CLANG_WARN_UNGUARDED_AVAILABILITY = YES_AGGRESSIVE;
				CLANG_WARN_UNREACHABLE_CODE = YES;
				CLANG_WARN__DUPLICATE_METHOD_MATCH = YES;
				COPY_PHASE_STRIP = NO;
				DEBUG_INFORMATION_FORMAT = "dwarf-with-dsym";
				ENABLE_NS_ASSERTIONS = NO;
				ENABLE_STRICT_OBJC_MSGSEND = YES;
				GCC_C_LANGUAGE_STANDARD = gnu11;
				GCC_NO_COMMON_BLOCKS = YES;
				GCC_WARN_64_TO_32_BIT_CONVERSION = YES;
				GCC_WARN_ABOUT_RETURN_TYPE = YES_ERROR;
				GCC_WARN_UNDECLARED_SELECTOR = YES;
				GCC_WARN_UNINITIALIZED_AUTOS = YES_AGGRESSIVE;
				GCC_WARN_UNUSED_FUNCTION = YES;
				GCC_WARN_UNUSED_VARIABLE = YES;
				IPHONEOS_DEPLOYMENT_TARGET = 17.0;
				MTL_ENABLE_DEBUG_INFO = NO;
				MTL_FAST_MATH = YES;
				PRODUCT_NAME = "$(TARGET_NAME)";
				SDKROOT = iphoneos;
				SWIFT_COMPILATION_MODE = wholemodule;
				SWIFT_OPTIMIZATION_LEVEL = "-O";
				SWIFT_VERSION = 5.0;
			};
			name = Release;
		};
		CE2381C62BFF3B83F3AC24BF /* Debug */ = {
			isa = XCBuildConfiguration;
			buildSettings = {
				ASSETCATALOG_COMPILER_APPICON_NAME = AppIcon;
				CODE_SIGN_IDENTITY = "iPhone Developer";
				CURRENT_PROJECT_VERSION = 1;
				DEVELOPMENT_TEAM = D7X6ZT8YZW;
				GENERATE_INFOPLIST_FILE = YES;
				LD_RUNPATH_SEARCH_PATHS = (
					"$(inherited)",
					"@executable_path/Frameworks",
				);
				MARKETING_VERSION = 1.0;
				PRODUCT_BUNDLE_IDENTIFIER = ch.thomassussli.SwissInvoiceTest;
				SDKROOT = iphoneos;
				TARGETED_DEVICE_FAMILY = "1,2";
			};
			name = Debug;
		};
/* End XCBuildConfiguration section */

/* Begin XCConfigurationList section */
		A9B5399BB750D841BF4A5D00 /* Build configuration list for PBXNativeTarget "SwissInvoiceTest" */ = {
			isa = XCConfigurationList;
			buildConfigurations = (
				CE2381C62BFF3B83F3AC24BF /* Debug */,
				13C6A5946D83A47ADB477F48 /* Release */,
			);
			defaultConfigurationIsVisible = 0;
			defaultConfigurationName = Debug;
		};
		C32A4EB4B9A85167ECC00B87 /* Build configuration list for PBXProject "SwissInvoiceTest" */ = {
			isa = XCConfigurationList;
			buildConfigurations = (
				6346E41C0A65F50DFEF7B128 /* Debug */,
				7B7F8518626453B8A7D93518 /* Release */,
			);
			defaultConfigurationIsVisible = 0;
			defaultConfigurationName = Debug;
		};
/* End XCConfigurationList section */

/* Begin XCLocalSwiftPackageReference section */
		794A511BB8B3742C7A0379A7 /* XCLocalSwiftPackageReference "../.." */ = {
			isa = XCLocalSwiftPackageReference;
			relativePath = ../..;
		};
/* End XCLocalSwiftPackageReference section */

/* Begin XCSwiftPackageProductDependency section */
		EB5C29D0E1BA87DC6BFEE092 /* SwissInvoice */ = {
			isa = XCSwiftPackageProductDependency;
			productName = SwissInvoice;
		};
/* End XCSwiftPackageProductDependency section */
	};
	rootObject = D62565FF86EF96F3D5103A76 /* Project object */;
}
